
Microsoft Visual Studio Solution File, Format Version 12.00
# Visual Studio Version 16
VisualStudioVersion = 16.0.29709.97
MinimumVisualStudioVersion = 10.0.40219.1
Project("{FAE04EC0-301F-11D3-BF4B-00C04F79EFBC}") = "WebSockets", "WebSockets.csproj", "{480A492A-00A1-4774-AD2E-2FB3E35D22E6}"
EndProject
Global
	GlobalSection(SolutionConfigurationPlatforms) = preSolution
		Debug|Any CPU = Debug|Any CPU
		Release|Any CPU = Release|Any CPU
	EndGlobalSection
	GlobalSection(ProjectConfigurationPlatforms) = postSolution
		{480A492A-00A1-4774-AD2E-2FB3E35D22E6}.Debug|Any CPU.ActiveCfg = Debug|Any CPU
		{480A492A-00A1-4774-AD2E-2FB3E35D22E6}.Debug|Any CPU.Build.0 = Debug|Any CPU
		{480A492A-00A1-4774-AD2E-2FB3E35D22E6}.Release|Any CPU.ActiveCfg = Release|Any CPU
		{480A492A-00A1-4774-AD2E-2FB3E35D22E6}.Release|Any CPU.Build.0 = Release|Any CPU
	EndGlobalSection
	GlobalSection(SolutionProperties) = preSolution
		HideSolutionNode = FALSE
	EndGlobalSection
	GlobalSection(ExtensibilityGlobals) = postSolution
		SolutionGuid = {9EFCD4C4-F971-420D-AF6C-D4E704C0F075}
	EndGlobalSection
EndGlobal
